<?xml version="1.0" encoding="utf-8"?>
<Project ToolsVersion="4.0" xmlns="http://schemas.microsoft.com/developer/msbuild/2003">
  <ItemGroup>
    <Filter Include="Gsoap Files">
      <UniqueIdentifier>{38bdd0ea-5dd0-48ad-b1e9-6e3263b2c98f}</UniqueIdentifier>
    </Filter>
    <Filter Include="Source Files">
      <UniqueIdentifier>{7fc72086-fa24-47ad-a38c-1c78a2b5f1e0}</UniqueIdentifier>
    </Filter>
    <Filter Include="Header Files">
      <UniqueIdentifier>{d0ee55f0-e424-4630-aaa4-1230da7fa0d2}</UniqueIdentifier>
    </Filter>
    <Filter Include="DumpUploadService Files">
      <UniqueIdentifier>{8ccd2fa3-16ab-439f-9c19-ff42e570cb80}</UniqueIdentifier>
    </Filter>
  </ItemGroup>
  <ItemGroup>
    <ClCompile Include="..\..\external\gsoap-win32-2.8.0\stdsoap2.cpp">
      <Filter>Gsoap Files</Filter>
    </ClCompile>
    <ClCompile Include="DumpUploaderWebService.cpp">
      <Filter>Source Files</Filter>
    </ClCompile>
    <ClCompile Include="gsoapWinInet.cpp">
      <Filter>Source Files</Filter>
    </ClCompile>
    <ClCompile Include="generated\soapC.cpp">
      <Filter>DumpUploadService Files</Filter>
    </ClCompile>
    <ClCompile Include="generated\soapUploaderSoapProxy.cpp">
      <Filter>DumpUploadService Files</Filter>
    </ClCompile>
  </ItemGroup>
  <ItemGroup>
    <ClInclude Include="DumpUploaderWebService.h">
      <Filter>Header Files</Filter>
    </ClInclude>
    <ClInclude Include="gsoapWinInet.h">
      <Filter>Header Files</Filter>
    </ClInclude>
    <ClInclude Include="generated\soapH.h">
      <Filter>DumpUploadService Files</Filter>
    </ClInclude>
    <ClInclude Include="generated\soapStub.h">
      <Filter>DumpUploadService Files</Filter>
    </ClInclude>
    <ClInclude Include="generated\soapUploaderSoapProxy.h">
      <Filter>DumpUploadService Files</Filter>
    </ClInclude>
  </ItemGroup>
</Project>